
Microsoft Visual Studio Solution File, Format Version 12.00
# Visual Studio Version 17
VisualStudioVersion = 17.0.31903.59
MinimumVisualStudioVersion = 10.0.40219.1
Project("{2150E333-8FDC-42A3-9474-1A3956D46DE8}") = "src", "src", "{827E0CD3-B72D-47B6-A68D-7590B98EB39B}"
EndProject
Project("{FAE04EC0-301F-11D3-BF4B-00C04F79EFBC}") = "iamsng.Web", "src\iamsng.Web\iamsng.Web.csproj", "{1350D001-92C0-43E7-8D59-534F6691BCA3}"
EndProject
Project("{FAE04EC0-301F-11D3-BF4B-00C04F79EFBC}") = "iamsng.API", "src\iamsng.API\iamsng.API.csproj", "{48DEC51F-FD89-4826-A100-6AEEB0329152}"
EndProject
Project("{FAE04EC0-301F-11D3-BF4B-00C04F79EFBC}") = "iamsng.Core", "src\iamsng.Core\iamsng.Core.csproj", "{BA16D124-5C36-4C5C-A476-CDFA8E143D6D}"
EndProject
Project("{FAE04EC0-301F-11D3-BF4B-00C04F79EFBC}") = "iamsng.Application", "src\iamsng.Application\iamsng.Application.csproj", "{6B289804-266F-43CB-9AC4-47041B892D84}"
EndProject
Project("{FAE04EC0-301F-11D3-BF4B-00C04F79EFBC}") = "iamsng.Infrastructure", "src\iamsng.Infrastructure\iamsng.Infrastructure.csproj", "{001B8D65-AC52-41E8-A555-DE2632C98900}"
EndProject
Project("{FAE04EC0-301F-11D3-BF4B-00C04F79EFBC}") = "iamsng.Shared", "src\iamsng.Shared\iamsng.Shared.csproj", "{9ED6CBA5-6922-4617-971E-934850E9FDE2}"
EndProject
Project("{2150E333-8FDC-42A3-9474-1A3956D46DE8}") = "tests", "tests", "{0AB3BF05-4346-4AA6-1389-037BE0695223}"
EndProject
Project("{FAE04EC0-301F-11D3-BF4B-00C04F79EFBC}") = "iamsng.UnitTests", "tests\iamsng.UnitTests\iamsng.UnitTests.csproj", "{435CE3AE-B868-4DA9-81F0-3FDFC1A7166B}"
EndProject
Project("{FAE04EC0-301F-11D3-BF4B-00C04F79EFBC}") = "iamsng.IntegrationTests", "tests\iamsng.IntegrationTests\iamsng.IntegrationTests.csproj", "{1743BBB2-0A95-4FFF-90BF-673C69AEF094}"
EndProject
Global
	GlobalSection(SolutionConfigurationPlatforms) = preSolution
		Debug|Any CPU = Debug|Any CPU
		Debug|x64 = Debug|x64
		Debug|x86 = Debug|x86
		Release|Any CPU = Release|Any CPU
		Release|x64 = Release|x64
		Release|x86 = Release|x86
	EndGlobalSection
	GlobalSection(ProjectConfigurationPlatforms) = postSolution
		{1350D001-92C0-43E7-8D59-534F6691BCA3}.Debug|Any CPU.ActiveCfg = Debug|Any CPU
		{1350D001-92C0-43E7-8D59-534F6691BCA3}.Debug|Any CPU.Build.0 = Debug|Any CPU
		{1350D001-92C0-43E7-8D59-534F6691BCA3}.Debug|x64.ActiveCfg = Debug|Any CPU
		{1350D001-92C0-43E7-8D59-534F6691BCA3}.Debug|x64.Build.0 = Debug|Any CPU
		{1350D001-92C0-43E7-8D59-534F6691BCA3}.Debug|x86.ActiveCfg = Debug|Any CPU
		{1350D001-92C0-43E7-8D59-534F6691BCA3}.Debug|x86.Build.0 = Debug|Any CPU
		{1350D001-92C0-43E7-8D59-534F6691BCA3}.Release|Any CPU.ActiveCfg = Release|Any CPU
		{1350D001-92C0-43E7-8D59-534F6691BCA3}.Release|Any CPU.Build.0 = Release|Any CPU
		{1350D001-92C0-43E7-8D59-534F6691BCA3}.Release|x64.ActiveCfg = Release|Any CPU
		{1350D001-92C0-43E7-8D59-534F6691BCA3}.Release|x64.Build.0 = Release|Any CPU
		{1350D001-92C0-43E7-8D59-534F6691BCA3}.Release|x86.ActiveCfg = Release|Any CPU
		{1350D001-92C0-43E7-8D59-534F6691BCA3}.Release|x86.Build.0 = Release|Any CPU
		{48DEC51F-FD89-4826-A100-6AEEB0329152}.Debug|Any CPU.ActiveCfg = Debug|Any CPU
		{48DEC51F-FD89-4826-A100-6AEEB0329152}.Debug|Any CPU.Build.0 = Debug|Any CPU
		{48DEC51F-FD89-4826-A100-6AEEB0329152}.Debug|x64.ActiveCfg = Debug|Any CPU
		{48DEC51F-FD89-4826-A100-6AEEB0329152}.Debug|x64.Build.0 = Debug|Any CPU
		{48DEC51F-FD89-4826-A100-6AEEB0329152}.Debug|x86.ActiveCfg = Debug|Any CPU
		{48DEC51F-FD89-4826-A100-6AEEB0329152}.Debug|x86.Build.0 = Debug|Any CPU
		{48DEC51F-FD89-4826-A100-6AEEB0329152}.Release|Any CPU.ActiveCfg = Release|Any CPU
		{48DEC51F-FD89-4826-A100-6AEEB0329152}.Release|Any CPU.Build.0 = Release|Any CPU
		{48DEC51F-FD89-4826-A100-6AEEB0329152}.Release|x64.ActiveCfg = Release|Any CPU
		{48DEC51F-FD89-4826-A100-6AEEB0329152}.Release|x64.Build.0 = Release|Any CPU
		{48DEC51F-FD89-4826-A100-6AEEB0329152}.Release|x86.ActiveCfg = Release|Any CPU
		{48DEC51F-FD89-4826-A100-6AEEB0329152}.Release|x86.Build.0 = Release|Any CPU
		{BA16D124-5C36-4C5C-A476-CDFA8E143D6D}.Debug|Any CPU.ActiveCfg = Debug|Any CPU
		{BA16D124-5C36-4C5C-A476-CDFA8E143D6D}.Debug|Any CPU.Build.0 = Debug|Any CPU
		{BA16D124-5C36-4C5C-A476-CDFA8E143D6D}.Debug|x64.ActiveCfg = Debug|Any CPU
		{BA16D124-5C36-4C5C-A476-CDFA8E143D6D}.Debug|x64.Build.0 = Debug|Any CPU
		{BA16D124-5C36-4C5C-A476-CDFA8E143D6D}.Debug|x86.ActiveCfg = Debug|Any CPU
		{BA16D124-5C36-4C5C-A476-CDFA8E143D6D}.Debug|x86.Build.0 = Debug|Any CPU
		{BA16D124-5C36-4C5C-A476-CDFA8E143D6D}.Release|Any CPU.ActiveCfg = Release|Any CPU
		{BA16D124-5C36-4C5C-A476-CDFA8E143D6D}.Release|Any CPU.Build.0 = Release|Any CPU
		{BA16D124-5C36-4C5C-A476-CDFA8E143D6D}.Release|x64.ActiveCfg = Release|Any CPU
		{BA16D124-5C36-4C5C-A476-CDFA8E143D6D}.Release|x64.Build.0 = Release|Any CPU
		{BA16D124-5C36-4C5C-A476-CDFA8E143D6D}.Release|x86.ActiveCfg = Release|Any CPU
		{BA16D124-5C36-4C5C-A476-CDFA8E143D6D}.Release|x86.Build.0 = Release|Any CPU
		{6B289804-266F-43CB-9AC4-47041B892D84}.Debug|Any CPU.ActiveCfg = Debug|Any CPU
		{6B289804-266F-43CB-9AC4-47041B892D84}.Debug|Any CPU.Build.0 = Debug|Any CPU
		{6B289804-266F-43CB-9AC4-47041B892D84}.Debug|x64.ActiveCfg = Debug|Any CPU
		{6B289804-266F-43CB-9AC4-47041B892D84}.Debug|x64.Build.0 = Debug|Any CPU
		{6B289804-266F-43CB-9AC4-47041B892D84}.Debug|x86.ActiveCfg = Debug|Any CPU
		{6B289804-266F-43CB-9AC4-47041B892D84}.Debug|x86.Build.0 = Debug|Any CPU
		{6B289804-266F-43CB-9AC4-47041B892D84}.Release|Any CPU.ActiveCfg = Release|Any CPU
		{6B289804-266F-43CB-9AC4-47041B892D84}.Release|Any CPU.Build.0 = Release|Any CPU
		{6B289804-266F-43CB-9AC4-47041B892D84}.Release|x64.ActiveCfg = Release|Any CPU
		{6B289804-266F-43CB-9AC4-47041B892D84}.Release|x64.Build.0 = Release|Any CPU
		{6B289804-266F-43CB-9AC4-47041B892D84}.Release|x86.ActiveCfg = Release|Any CPU
		{6B289804-266F-43CB-9AC4-47041B892D84}.Release|x86.Build.0 = Release|Any CPU
		{001B8D65-AC52-41E8-A555-DE2632C98900}.Debug|Any CPU.ActiveCfg = Debug|Any CPU
		{001B8D65-AC52-41E8-A555-DE2632C98900}.Debug|Any CPU.Build.0 = Debug|Any CPU
		{001B8D65-AC52-41E8-A555-DE2632C98900}.Debug|x64.ActiveCfg = Debug|Any CPU
		{001B8D65-AC52-41E8-A555-DE2632C98900}.Debug|x64.Build.0 = Debug|Any CPU
		{001B8D65-AC52-41E8-A555-DE2632C98900}.Debug|x86.ActiveCfg = Debug|Any CPU
		{001B8D65-AC52-41E8-A555-DE2632C98900}.Debug|x86.Build.0 = Debug|Any CPU
		{001B8D65-AC52-41E8-A555-DE2632C98900}.Release|Any CPU.ActiveCfg = Release|Any CPU
		{001B8D65-AC52-41E8-A555-DE2632C98900}.Release|Any CPU.Build.0 = Release|Any CPU
		{001B8D65-AC52-41E8-A555-DE2632C98900}.Release|x64.ActiveCfg = Release|Any CPU
		{001B8D65-AC52-41E8-A555-DE2632C98900}.Release|x64.Build.0 = Release|Any CPU
		{001B8D65-AC52-41E8-A555-DE2632C98900}.Release|x86.ActiveCfg = Release|Any CPU
		{001B8D65-AC52-41E8-A555-DE2632C98900}.Release|x86.Build.0 = Release|Any CPU
		{9ED6CBA5-6922-4617-971E-934850E9FDE2}.Debug|Any CPU.ActiveCfg = Debug|Any CPU
		{9ED6CBA5-6922-4617-971E-934850E9FDE2}.Debug|Any CPU.Build.0 = Debug|Any CPU
		{9ED6CBA5-6922-4617-971E-934850E9FDE2}.Debug|x64.ActiveCfg = Debug|Any CPU
		{9ED6CBA5-6922-4617-971E-934850E9FDE2}.Debug|x64.Build.0 = Debug|Any CPU
		{9ED6CBA5-6922-4617-971E-934850E9FDE2}.Debug|x86.ActiveCfg = Debug|Any CPU
		{9ED6CBA5-6922-4617-971E-934850E9FDE2}.Debug|x86.Build.0 = Debug|Any CPU
		{9ED6CBA5-6922-4617-971E-934850E9FDE2}.Release|Any CPU.ActiveCfg = Release|Any CPU
		{9ED6CBA5-6922-4617-971E-934850E9FDE2}.Release|Any CPU.Build.0 = Release|Any CPU
		{9ED6CBA5-6922-4617-971E-934850E9FDE2}.Release|x64.ActiveCfg = Release|Any CPU
		{9ED6CBA5-6922-4617-971E-934850E9FDE2}.Release|x64.Build.0 = Release|Any CPU
		{9ED6CBA5-6922-4617-971E-934850E9FDE2}.Release|x86.ActiveCfg = Release|Any CPU
		{9ED6CBA5-6922-4617-971E-934850E9FDE2}.Release|x86.Build.0 = Release|Any CPU
		{435CE3AE-B868-4DA9-81F0-3FDFC1A7166B}.Debug|Any CPU.ActiveCfg = Debug|Any CPU
		{435CE3AE-B868-4DA9-81F0-3FDFC1A7166B}.Debug|Any CPU.Build.0 = Debug|Any CPU
		{435CE3AE-B868-4DA9-81F0-3FDFC1A7166B}.Debug|x64.ActiveCfg = Debug|Any CPU
		{435CE3AE-B868-4DA9-81F0-3FDFC1A7166B}.Debug|x64.Build.0 = Debug|Any CPU
		{435CE3AE-B868-4DA9-81F0-3FDFC1A7166B}.Debug|x86.ActiveCfg = Debug|Any CPU
		{435CE3AE-B868-4DA9-81F0-3FDFC1A7166B}.Debug|x86.Build.0 = Debug|Any CPU
		{435CE3AE-B868-4DA9-81F0-3FDFC1A7166B}.Release|Any CPU.ActiveCfg = Release|Any CPU
		{435CE3AE-B868-4DA9-81F0-3FDFC1A7166B}.Release|Any CPU.Build.0 = Release|Any CPU
		{435CE3AE-B868-4DA9-81F0-3FDFC1A7166B}.Release|x64.ActiveCfg = Release|Any CPU
		{435CE3AE-B868-4DA9-81F0-3FDFC1A7166B}.Release|x64.Build.0 = Release|Any CPU
		{435CE3AE-B868-4DA9-81F0-3FDFC1A7166B}.Release|x86.ActiveCfg = Release|Any CPU
		{435CE3AE-B868-4DA9-81F0-3FDFC1A7166B}.Release|x86.Build.0 = Release|Any CPU
		{1743BBB2-0A95-4FFF-90BF-673C69AEF094}.Debug|Any CPU.ActiveCfg = Debug|Any CPU
		{1743BBB2-0A95-4FFF-90BF-673C69AEF094}.Debug|Any CPU.Build.0 = Debug|Any CPU
		{1743BBB2-0A95-4FFF-90BF-673C69AEF094}.Debug|x64.ActiveCfg = Debug|Any CPU
		{1743BBB2-0A95-4FFF-90BF-673C69AEF094}.Debug|x64.Build.0 = Debug|Any CPU
		{1743BBB2-0A95-4FFF-90BF-673C69AEF094}.Debug|x86.ActiveCfg = Debug|Any CPU
		{1743BBB2-0A95-4FFF-90BF-673C69AEF094}.Debug|x86.Build.0 = Debug|Any CPU
		{1743BBB2-0A95-4FFF-90BF-673C69AEF094}.Release|Any CPU.ActiveCfg = Release|Any CPU
		{1743BBB2-0A95-4FFF-90BF-673C69AEF094}.Release|Any CPU.Build.0 = Release|Any CPU
		{1743BBB2-0A95-4FFF-90BF-673C69AEF094}.Release|x64.ActiveCfg = Release|Any CPU
		{1743BBB2-0A95-4FFF-90BF-673C69AEF094}.Release|x64.Build.0 = Release|Any CPU
		{1743BBB2-0A95-4FFF-90BF-673C69AEF094}.Release|x86.ActiveCfg = Release|Any CPU
		{1743BBB2-0A95-4FFF-90BF-673C69AEF094}.Release|x86.Build.0 = Release|Any CPU
	EndGlobalSection
	GlobalSection(SolutionProperties) = preSolution
		HideSolutionNode = FALSE
	EndGlobalSection
	GlobalSection(NestedProjects) = preSolution
		{1350D001-92C0-43E7-8D59-534F6691BCA3} = {827E0CD3-B72D-47B6-A68D-7590B98EB39B}
		{48DEC51F-FD89-4826-A100-6AEEB0329152} = {827E0CD3-B72D-47B6-A68D-7590B98EB39B}
		{BA16D124-5C36-4C5C-A476-CDFA8E143D6D} = {827E0CD3-B72D-47B6-A68D-7590B98EB39B}
		{6B289804-266F-43CB-9AC4-47041B892D84} = {827E0CD3-B72D-47B6-A68D-7590B98EB39B}
		{001B8D65-AC52-41E8-A555-DE2632C98900} = {827E0CD3-B72D-47B6-A68D-7590B98EB39B}
		{9ED6CBA5-6922-4617-971E-934850E9FDE2} = {827E0CD3-B72D-47B6-A68D-7590B98EB39B}
		{435CE3AE-B868-4DA9-81F0-3FDFC1A7166B} = {0AB3BF05-4346-4AA6-1389-037BE0695223}
		{1743BBB2-0A95-4FFF-90BF-673C69AEF094} = {0AB3BF05-4346-4AA6-1389-037BE0695223}
	EndGlobalSection
EndGlobal
